// !$*UTF8*$!
{
	archiveVersion = 1;
	classes = {
	};
	objectVersion = 50;
	objects = {

/* Begin PBXBuildFile section */
		042CD229225B2ED0009E0F98 /* AppDelegate.swift in Sources */ = {isa = PBXBuildFile; fileRef = 042CD228225B2ED0009E0F98 /* AppDelegate.swift */; };
		042CD22B225B2ED0009E0F98 /* LoginViewController.swift in Sources */ = {isa = PBXBuildFile; fileRef = 042CD22A225B2ED0009E0F98 /* LoginViewController.swift */; };
		042CD22E225B2ED0009E0F98 /* Main.storyboard in Resources */ = {isa = PBXBuildFile; fileRef = 042CD22C225B2ED0009E0F98 /* Main.storyboard */; };
		042CD231225B2ED0009E0F98 /* Emperapool.xcdatamodeld in Sources */ = {isa = PBXBuildFile; fileRef = 042CD22F225B2ED0009E0F98 /* Emperapool.xcdatamodeld */; };
		042CD233225B2ED1009E0F98 /* Assets.xcassets in Resources */ = {isa = PBXBuildFile; fileRef = 042CD232225B2ED1009E0F98 /* Assets.xcassets */; };
		042CD236225B2ED1009E0F98 /* LaunchScreen.storyboard in Resources */ = {isa = PBXBuildFile; fileRef = 042CD234225B2ED1009E0F98 /* LaunchScreen.storyboard */; };
		042CD241225B2ED2009E0F98 /* EmperapoolTests.swift in Sources */ = {isa = PBXBuildFile; fileRef = 042CD240225B2ED2009E0F98 /* EmperapoolTests.swift */; };
		042CD24C225B2ED2009E0F98 /* EmperapoolUITests.swift in Sources */ = {isa = PBXBuildFile; fileRef = 042CD24B225B2ED2009E0F98 /* EmperapoolUITests.swift */; };
		04C81BD3225C772100069A19 /* BYekan 1.ttf in Resources */ = {isa = PBXBuildFile; fileRef = 04C81BCA225C772000069A19 /* BYekan 1.ttf */; };
		04C81BD4225C772100069A19 /* IRANSans(FaNum).ttf in Resources */ = {isa = PBXBuildFile; fileRef = 04C81BCB225C772000069A19 /* IRANSans(FaNum).ttf */; };
		04C81BD5225C772100069A19 /* IRANSans(FaNum)_Bold.ttf in Resources */ = {isa = PBXBuildFile; fileRef = 04C81BCC225C772000069A19 /* IRANSans(FaNum)_Bold.ttf */; };
		04C81BD6225C772100069A19 /* BYekan.ttf in Resources */ = {isa = PBXBuildFile; fileRef = 04C81BCD225C772000069A19 /* BYekan.ttf */; };
		04C81BD7225C772100069A19 /* IRANSans(FaNum)_Light.ttf in Resources */ = {isa = PBXBuildFile; fileRef = 04C81BCE225C772000069A19 /* IRANSans(FaNum)_Light.ttf */; };
		04C81BD8225C772100069A19 /* iran_sans.ttf in Resources */ = {isa = PBXBuildFile; fileRef = 04C81BCF225C772000069A19 /* iran_sans.ttf */; };
		04C81BD9225C772100069A19 /* B Yekan+ Bold.ttf in Resources */ = {isa = PBXBuildFile; fileRef = 04C81BD0225C772100069A19 /* B Yekan+ Bold.ttf */; };
		04C81BDA225C772100069A19 /* iran_sans_medium.ttf in Resources */ = {isa = PBXBuildFile; fileRef = 04C81BD1225C772100069A19 /* iran_sans_medium.ttf */; };
		04C81BDB225C772100069A19 /* B Yekan+.ttf in Resources */ = {isa = PBXBuildFile; fileRef = 04C81BD2225C772100069A19 /* B Yekan+.ttf */; };
		04C81BDF225C7CB500069A19 /* SHABNAM-FD.ttf in Resources */ = {isa = PBXBuildFile; fileRef = 04C81BDC225C7CB500069A19 /* SHABNAM-FD.ttf */; };
		04C81BE0225C7CB500069A19 /* SHABNAM-LIGHT-FD.ttf in Resources */ = {isa = PBXBuildFile; fileRef = 04C81BDD225C7CB500069A19 /* SHABNAM-LIGHT-FD.ttf */; };
		04C81BE1225C7CB500069A19 /* SHABNAM-BOLD-FD.ttf in Resources */ = {isa = PBXBuildFile; fileRef = 04C81BDE225C7CB500069A19 /* SHABNAM-BOLD-FD.ttf */; };
		04C81BE4225C94D100069A19 /* Extentions.swift in Sources */ = {isa = PBXBuildFile; fileRef = 04C81BE3225C94D100069A19 /* Extentions.swift */; };
		04C81BE7225CB41700069A19 /* ActivationCodeViewController.swift in Sources */ = {isa = PBXBuildFile; fileRef = 04C81BE6225CB41700069A19 /* ActivationCodeViewController.swift */; };
		04C81BEA225CD62000069A19 /* MR.swift in Sources */ = {isa = PBXBuildFile; fileRef = 04C81BE9225CD62000069A19 /* MR.swift */; };
		04C81BEF225CD8B600069A19 /* EndPoints.swift in Sources */ = {isa = PBXBuildFile; fileRef = 04C81BEE225CD8B600069A19 /* EndPoints.swift */; };
		04C81BF3225CDE9300069A19 /* TokenRes.swift in Sources */ = {isa = PBXBuildFile; fileRef = 04C81BF0225CDE9300069A19 /* TokenRes.swift */; };
		04C81BF4225CDE9300069A19 /* GenericResponse.swift in Sources */ = {isa = PBXBuildFile; fileRef = 04C81BF1225CDE9300069A19 /* GenericResponse.swift */; };
		04C81BF5225CDE9300069A19 /* ProfileRes.swift in Sources */ = {isa = PBXBuildFile; fileRef = 04C81BF2225CDE9300069A19 /* ProfileRes.swift */; };
		04C81BF8225CE51000069A19 /* Reachability.swift in Sources */ = {isa = PBXBuildFile; fileRef = 04C81BF7225CE51000069A19 /* Reachability.swift */; };
		04C81BFA225CE6C800069A19 /* App.swift in Sources */ = {isa = PBXBuildFile; fileRef = 04C81BF9225CE6C800069A19 /* App.swift */; };
		04C81BFC225CE72500069A19 /* DefaultStrings.swift in Sources */ = {isa = PBXBuildFile; fileRef = 04C81BFB225CE72500069A19 /* DefaultStrings.swift */; };
		2ACCE79A3AD319144B496D97 /* Pods_EmperapoolUITests.framework in Frameworks */ = {isa = PBXBuildFile; fileRef = 4465D329123448EDB4292C49 /* Pods_EmperapoolUITests.framework */; };
		C9AD78D020EFD98D61C5E54B /* Pods_EmperapoolTests.framework in Frameworks */ = {isa = PBXBuildFile; fileRef = 54A016915F0635C8441C531A /* Pods_EmperapoolTests.framework */; };
		CDAADE284F834814506D3DD0 /* Pods_Emperapool.framework in Frameworks */ = {isa = PBXBuildFile; fileRef = C5497ADB10127B5044129BB7 /* Pods_Emperapool.framework */; };
/* End PBXBuildFile section */

/* Begin PBXContainerItemProxy section */
		042CD23D225B2ED2009E0F98 /* PBXContainerItemProxy */ = {
			isa = PBXContainerItemProxy;
			containerPortal = 042CD21D225B2ED0009E0F98 /* Project object */;
			proxyType = 1;
			remoteGlobalIDString = 042CD224225B2ED0009E0F98;
			remoteInfo = Emperapool;
		};
		042CD248225B2ED2009E0F98 /* PBXContainerItemProxy */ = {
			isa = PBXContainerItemProxy;
			containerPortal = 042CD21D225B2ED0009E0F98 /* Project object */;
			proxyType = 1;
			remoteGlobalIDString = 042CD224225B2ED0009E0F98;
			remoteInfo = Emperapool;
		};
/* End PBXContainerItemProxy section */

/* Begin PBXFileReference section */
		042CD225225B2ED0009E0F98 /* Emperapool.app */ = {isa = PBXFileReference; explicitFileType = wrapper.application; includeInIndex = 0; path = Emperapool.app; sourceTree = BUILT_PRODUCTS_DIR; };
		042CD228225B2ED0009E0F98 /* AppDelegate.swift */ = {isa = PBXFileReference; lastKnownFileType = sourcecode.swift; path = AppDelegate.swift; sourceTree = "<group>"; };
		042CD22A225B2ED0009E0F98 /* LoginViewController.swift */ = {isa = PBXFileReference; lastKnownFileType = sourcecode.swift; path = LoginViewController.swift; sourceTree = "<group>"; };
		042CD22D225B2ED0009E0F98 /* Base */ = {isa = PBXFileReference; lastKnownFileType = file.storyboard; name = Base; path = Base.lproj/Main.storyboard; sourceTree = "<group>"; };
		042CD230225B2ED0009E0F98 /* Emperapool.xcdatamodel */ = {isa = PBXFileReference; lastKnownFileType = wrapper.xcdatamodel; path = Emperapool.xcdatamodel; sourceTree = "<group>"; };
		042CD232225B2ED1009E0F98 /* Assets.xcassets */ = {isa = PBXFileReference; lastKnownFileType = folder.assetcatalog; path = Assets.xcassets; sourceTree = "<group>"; };
		042CD235225B2ED1009E0F98 /* Base */ = {isa = PBXFileReference; lastKnownFileType = file.storyboard; name = Base; path = Base.lproj/LaunchScreen.storyboard; sourceTree = "<group>"; };
		042CD237225B2ED1009E0F98 /* Info.plist */ = {isa = PBXFileReference; lastKnownFileType = text.plist.xml; path = Info.plist; sourceTree = "<group>"; };
		042CD23C225B2ED2009E0F98 /* EmperapoolTests.xctest */ = {isa = PBXFileReference; explicitFileType = wrapper.cfbundle; includeInIndex = 0; path = EmperapoolTests.xctest; sourceTree = BUILT_PRODUCTS_DIR; };
		042CD240225B2ED2009E0F98 /* EmperapoolTests.swift */ = {isa = PBXFileReference; lastKnownFileType = sourcecode.swift; path = EmperapoolTests.swift; sourceTree = "<group>"; };
		042CD242225B2ED2009E0F98 /* Info.plist */ = {isa = PBXFileReference; lastKnownFileType = text.plist.xml; path = Info.plist; sourceTree = "<group>"; };
		042CD247225B2ED2009E0F98 /* EmperapoolUITests.xctest */ = {isa = PBXFileReference; explicitFileType = wrapper.cfbundle; includeInIndex = 0; path = EmperapoolUITests.xctest; sourceTree = BUILT_PRODUCTS_DIR; };
		042CD24B225B2ED2009E0F98 /* EmperapoolUITests.swift */ = {isa = PBXFileReference; lastKnownFileType = sourcecode.swift; path = EmperapoolUITests.swift; sourceTree = "<group>"; };
		042CD24D225B2ED2009E0F98 /* Info.plist */ = {isa = PBXFileReference; lastKnownFileType = text.plist.xml; path = Info.plist; sourceTree = "<group>"; };
		04C81BCA225C772000069A19 /* BYekan 1.ttf */ = {isa = PBXFileReference; lastKnownFileType = file; path = "BYekan 1.ttf"; sourceTree = "<group>"; };
		04C81BCB225C772000069A19 /* IRANSans(FaNum).ttf */ = {isa = PBXFileReference; lastKnownFileType = file; path = "IRANSans(FaNum).ttf"; sourceTree = "<group>"; };
		04C81BCC225C772000069A19 /* IRANSans(FaNum)_Bold.ttf */ = {isa = PBXFileReference; lastKnownFileType = file; path = "IRANSans(FaNum)_Bold.ttf"; sourceTree = "<group>"; };
		04C81BCD225C772000069A19 /* BYekan.ttf */ = {isa = PBXFileReference; lastKnownFileType = file; path = BYekan.ttf; sourceTree = "<group>"; };
		04C81BCE225C772000069A19 /* IRANSans(FaNum)_Light.ttf */ = {isa = PBXFileReference; lastKnownFileType = file; path = "IRANSans(FaNum)_Light.ttf"; sourceTree = "<group>"; };
		04C81BCF225C772000069A19 /* iran_sans.ttf */ = {isa = PBXFileReference; lastKnownFileType = file; path = iran_sans.ttf; sourceTree = "<group>"; };
		04C81BD0225C772100069A19 /* B Yekan+ Bold.ttf */ = {isa = PBXFileReference; lastKnownFileType = file; path = "B Yekan+ Bold.ttf"; sourceTree = "<group>"; };
		04C81BD1225C772100069A19 /* iran_sans_medium.ttf */ = {isa = PBXFileReference; lastKnownFileType = file; path = iran_sans_medium.ttf; sourceTree = "<group>"; };
		04C81BD2225C772100069A19 /* B Yekan+.ttf */ = {isa = PBXFileReference; lastKnownFileType = file; path = "B Yekan+.ttf"; sourceTree = "<group>"; };
		04C81BDC225C7CB500069A19 /* SHABNAM-FD.ttf */ = {isa = PBXFileReference; lastKnownFileType = file; path = "SHABNAM-FD.ttf"; sourceTree = "<group>"; };
		04C81BDD225C7CB500069A19 /* SHABNAM-LIGHT-FD.ttf */ = {isa = PBXFileReference; lastKnownFileType = file; path = "SHABNAM-LIGHT-FD.ttf"; sourceTree = "<group>"; };
		04C81BDE225C7CB500069A19 /* SHABNAM-BOLD-FD.ttf */ = {isa = PBXFileReference; lastKnownFileType = file; path = "SHABNAM-BOLD-FD.ttf"; sourceTree = "<group>"; };
		04C81BE3225C94D100069A19 /* Extentions.swift */ = {isa = PBXFileReference; lastKnownFileType = sourcecode.swift; path = Extentions.swift; sourceTree = "<group>"; };
		04C81BE6225CB41700069A19 /* ActivationCodeViewController.swift */ = {isa = PBXFileReference; lastKnownFileType = sourcecode.swift; path = ActivationCodeViewController.swift; sourceTree = "<group>"; };
		04C81BE9225CD62000069A19 /* MR.swift */ = {isa = PBXFileReference; lastKnownFileType = sourcecode.swift; path = MR.swift; sourceTree = "<group>"; };
		04C81BEE225CD8B600069A19 /* EndPoints.swift */ = {isa = PBXFileReference; lastKnownFileType = sourcecode.swift; path = EndPoints.swift; sourceTree = "<group>"; };
		04C81BF0225CDE9300069A19 /* TokenRes.swift */ = {isa = PBXFileReference; fileEncoding = 4; lastKnownFileType = sourcecode.swift; path = TokenRes.swift; sourceTree = "<group>"; };
		04C81BF1225CDE9300069A19 /* GenericResponse.swift */ = {isa = PBXFileReference; fileEncoding = 4; lastKnownFileType = sourcecode.swift; path = GenericResponse.swift; sourceTree = "<group>"; };
		04C81BF2225CDE9300069A19 /* ProfileRes.swift */ = {isa = PBXFileReference; fileEncoding = 4; lastKnownFileType = sourcecode.swift; path = ProfileRes.swift; sourceTree = "<group>"; };
		04C81BF7225CE51000069A19 /* Reachability.swift */ = {isa = PBXFileReference; lastKnownFileType = sourcecode.swift; path = Reachability.swift; sourceTree = "<group>"; };
		04C81BF9225CE6C800069A19 /* App.swift */ = {isa = PBXFileReference; lastKnownFileType = sourcecode.swift; path = App.swift; sourceTree = "<group>"; };
		04C81BFB225CE72500069A19 /* DefaultStrings.swift */ = {isa = PBXFileReference; lastKnownFileType = sourcecode.swift; path = DefaultStrings.swift; sourceTree = "<group>"; };
		0518EFBE499426D2DAE947C3 /* Pods-EmperapoolUITests.release.xcconfig */ = {isa = PBXFileReference; includeInIndex = 1; lastKnownFileType = text.xcconfig; name = "Pods-EmperapoolUITests.release.xcconfig"; path = "Target Support Files/Pods-EmperapoolUITests/Pods-EmperapoolUITests.release.xcconfig"; sourceTree = "<group>"; };
		0623A2A77FD653A6D5CAEE6A /* Pods-EmperapoolTests.debug.xcconfig */ = {isa = PBXFileReference; includeInIndex = 1; lastKnownFileType = text.xcconfig; name = "Pods-EmperapoolTests.debug.xcconfig"; path = "Target Support Files/Pods-EmperapoolTests/Pods-EmperapoolTests.debug.xcconfig"; sourceTree = "<group>"; };
		1901B6AA9C87552A4A2B5AD1 /* Pods-EmperapoolUITests.debug.xcconfig */ = {isa = PBXFileReference; includeInIndex = 1; lastKnownFileType = text.xcconfig; name = "Pods-EmperapoolUITests.debug.xcconfig"; path = "Target Support Files/Pods-EmperapoolUITests/Pods-EmperapoolUITests.debug.xcconfig"; sourceTree = "<group>"; };
		33F1B6AE168DECD3974E7A5C /* Pods-EmperapoolTests.release.xcconfig */ = {isa = PBXFileReference; includeInIndex = 1; lastKnownFileType = text.xcconfig; name = "Pods-EmperapoolTests.release.xcconfig"; path = "Target Support Files/Pods-EmperapoolTests/Pods-EmperapoolTests.release.xcconfig"; sourceTree = "<group>"; };
		3EB06B61ACF6B28B93FF08F2 /* Pods-Emperapool.debug.xcconfig */ = {isa = PBXFileReference; includeInIndex = 1; lastKnownFileType = text.xcconfig; name = "Pods-Emperapool.debug.xcconfig"; path = "Target Support Files/Pods-Emperapool/Pods-Emperapool.debug.xcconfig"; sourceTree = "<group>"; };
		4465D329123448EDB4292C49 /* Pods_EmperapoolUITests.framework */ = {isa = PBXFileReference; explicitFileType = wrapper.framework; includeInIndex = 0; path = Pods_EmperapoolUITests.framework; sourceTree = BUILT_PRODUCTS_DIR; };
		54A016915F0635C8441C531A /* Pods_EmperapoolTests.framework */ = {isa = PBXFileReference; explicitFileType = wrapper.framework; includeInIndex = 0; path = Pods_EmperapoolTests.framework; sourceTree = BUILT_PRODUCTS_DIR; };
		72A228B95724E72D7EBB95E2 /* Pods-Emperapool.release.xcconfig */ = {isa = PBXFileReference; includeInIndex = 1; lastKnownFileType = text.xcconfig; name = "Pods-Emperapool.release.xcconfig"; path = "Target Support Files/Pods-Emperapool/Pods-Emperapool.release.xcconfig"; sourceTree = "<group>"; };
		C5497ADB10127B5044129BB7 /* Pods_Emperapool.framework */ = {isa = PBXFileReference; explicitFileType = wrapper.framework; includeInIndex = 0; path = Pods_Emperapool.framework; sourceTree = BUILT_PRODUCTS_DIR; };
/* End PBXFileReference section */

/* Begin PBXFrameworksBuildPhase section */
		042CD222225B2ED0009E0F98 /* Frameworks */ = {
			isa = PBXFrameworksBuildPhase;
			buildActionMask = 2147483647;
			files = (
				CDAADE284F834814506D3DD0 /* Pods_Emperapool.framework in Frameworks */,
			);
			runOnlyForDeploymentPostprocessing = 0;
		};
		042CD239225B2ED2009E0F98 /* Frameworks */ = {
			isa = PBXFrameworksBuildPhase;
			buildActionMask = 2147483647;
			files = (
				C9AD78D020EFD98D61C5E54B /* Pods_EmperapoolTests.framework in Frameworks */,
			);
			runOnlyForDeploymentPostprocessing = 0;
		};
		042CD244225B2ED2009E0F98 /* Frameworks */ = {
			isa = PBXFrameworksBuildPhase;
			buildActionMask = 2147483647;
			files = (
				2ACCE79A3AD319144B496D97 /* Pods_EmperapoolUITests.framework in Frameworks */,
			);
			runOnlyForDeploymentPostprocessing = 0;
		};
/* End PBXFrameworksBuildPhase section */

/* Begin PBXGroup section */
		042CD21C225B2ED0009E0F98 = {
			isa = PBXGroup;
			children = (
				042CD227225B2ED0009E0F98 /* Emperapool */,
				042CD23F225B2ED2009E0F98 /* EmperapoolTests */,
				042CD24A225B2ED2009E0F98 /* EmperapoolUITests */,
				042CD226225B2ED0009E0F98 /* Products */,
				EA46AA2AD59E4C7A8ECF4AD4 /* Pods */,
				DF57EF58939220E6067000A7 /* Frameworks */,
			);
			sourceTree = "<group>";
		};
		042CD226225B2ED0009E0F98 /* Products */ = {
			isa = PBXGroup;
			children = (
				042CD225225B2ED0009E0F98 /* Emperapool.app */,
				042CD23C225B2ED2009E0F98 /* EmperapoolTests.xctest */,
				042CD247225B2ED2009E0F98 /* EmperapoolUITests.xctest */,
			);
			name = Products;
			sourceTree = "<group>";
		};
		042CD227225B2ED0009E0F98 /* Emperapool */ = {
			isa = PBXGroup;
			children = (
				04C81BF6225CE4EA00069A19 /* Utils */,
				04C81BE8225CD5F400069A19 /* ApiUtils */,
				04C81BE5225CB3D200069A19 /* OTP */,
				04C81BE2225C94AD00069A19 /* Extentions */,
				042CD228225B2ED0009E0F98 /* AppDelegate.swift */,
				042CD22C225B2ED0009E0F98 /* Main.storyboard */,
				042CD232225B2ED1009E0F98 /* Assets.xcassets */,
				042CD234225B2ED1009E0F98 /* LaunchScreen.storyboard */,
				042CD237225B2ED1009E0F98 /* Info.plist */,
				042CD22F225B2ED0009E0F98 /* Emperapool.xcdatamodeld */,
			);
			path = Emperapool;
			sourceTree = "<group>";
		};
		042CD23F225B2ED2009E0F98 /* EmperapoolTests */ = {
			isa = PBXGroup;
			children = (
				042CD240225B2ED2009E0F98 /* EmperapoolTests.swift */,
				042CD242225B2ED2009E0F98 /* Info.plist */,
			);
			path = EmperapoolTests;
			sourceTree = "<group>";
		};
		042CD24A225B2ED2009E0F98 /* EmperapoolUITests */ = {
			isa = PBXGroup;
			children = (
				042CD24B225B2ED2009E0F98 /* EmperapoolUITests.swift */,
				042CD24D225B2ED2009E0F98 /* Info.plist */,
			);
			path = EmperapoolUITests;
			sourceTree = "<group>";
		};
		04C81BC3225C721600069A19 /* Fonts */ = {
			isa = PBXGroup;
			children = (
				04C81BDE225C7CB500069A19 /* SHABNAM-BOLD-FD.ttf */,
				04C81BDC225C7CB500069A19 /* SHABNAM-FD.ttf */,
				04C81BDD225C7CB500069A19 /* SHABNAM-LIGHT-FD.ttf */,
				04C81BD0225C772100069A19 /* B Yekan+ Bold.ttf */,
				04C81BD2225C772100069A19 /* B Yekan+.ttf */,
				04C81BCA225C772000069A19 /* BYekan 1.ttf */,
				04C81BCD225C772000069A19 /* BYekan.ttf */,
				04C81BD1225C772100069A19 /* iran_sans_medium.ttf */,
				04C81BCF225C772000069A19 /* iran_sans.ttf */,
				04C81BCC225C772000069A19 /* IRANSans(FaNum)_Bold.ttf */,
				04C81BCE225C772000069A19 /* IRANSans(FaNum)_Light.ttf */,
				04C81BCB225C772000069A19 /* IRANSans(FaNum).ttf */,
			);
			path = Fonts;
			sourceTree = "<group>";
		};
		04C81BE2225C94AD00069A19 /* Extentions */ = {
			isa = PBXGroup;
			children = (
				04C81BE3225C94D100069A19 /* Extentions.swift */,
			);
			path = Extentions;
			sourceTree = "<group>";
		};
		04C81BE5225CB3D200069A19 /* OTP */ = {
			isa = PBXGroup;
			children = (
				042CD22A225B2ED0009E0F98 /* LoginViewController.swift */,
				04C81BE6225CB41700069A19 /* ActivationCodeViewController.swift */,
			);
			path = OTP;
			sourceTree = "<group>";
		};
		04C81BE8225CD5F400069A19 /* ApiUtils */ = {
			isa = PBXGroup;
			children = (
				04C81BEB225CD62C00069A19 /* Models */,
				04C81BE9225CD62000069A19 /* MR.swift */,
				04C81BEE225CD8B600069A19 /* EndPoints.swift */,
			);
			path = ApiUtils;
			sourceTree = "<group>";
		};
		04C81BEB225CD62C00069A19 /* Models */ = {
			isa = PBXGroup;
			children = (
				04C81BED225CD64500069A19 /* ResponseModels */,
			);
			path = Models;
			sourceTree = "<group>";
		};
		04C81BED225CD64500069A19 /* ResponseModels */ = {
			isa = PBXGroup;
			children = (
				04C81BF1225CDE9300069A19 /* GenericResponse.swift */,
				04C81BF2225CDE9300069A19 /* ProfileRes.swift */,
				04C81BF0225CDE9300069A19 /* TokenRes.swift */,
			);
			path = ResponseModels;
			sourceTree = "<group>";
		};
		04C81BF6225CE4EA00069A19 /* Utils */ = {
			isa = PBXGroup;
			children = (
				04C81BC3225C721600069A19 /* Fonts */,
				04C81BF7225CE51000069A19 /* Reachability.swift */,
				04C81BF9225CE6C800069A19 /* App.swift */,
				04C81BFB225CE72500069A19 /* DefaultStrings.swift */,
			);
			path = Utils;
			sourceTree = "<group>";
		};
		DF57EF58939220E6067000A7 /* Frameworks */ = {
			isa = PBXGroup;
			children = (
				C5497ADB10127B5044129BB7 /* Pods_Emperapool.framework */,
				54A016915F0635C8441C531A /* Pods_EmperapoolTests.framework */,
				4465D329123448EDB4292C49 /* Pods_EmperapoolUITests.framework */,
			);
			name = Frameworks;
			sourceTree = "<group>";
		};
		EA46AA2AD59E4C7A8ECF4AD4 /* Pods */ = {
			isa = PBXGroup;
			children = (
				3EB06B61ACF6B28B93FF08F2 /* Pods-Emperapool.debug.xcconfig */,
				72A228B95724E72D7EBB95E2 /* Pods-Emperapool.release.xcconfig */,
				0623A2A77FD653A6D5CAEE6A /* Pods-EmperapoolTests.debug.xcconfig */,
				33F1B6AE168DECD3974E7A5C /* Pods-EmperapoolTests.release.xcconfig */,
				1901B6AA9C87552A4A2B5AD1 /* Pods-EmperapoolUITests.debug.xcconfig */,
				0518EFBE499426D2DAE947C3 /* Pods-EmperapoolUITests.release.xcconfig */,
			);
			path = Pods;
			sourceTree = "<group>";
		};
/* End PBXGroup section */

/* Begin PBXNativeTarget section */
		042CD224225B2ED0009E0F98 /* Emperapool */ = {
			isa = PBXNativeTarget;
			buildConfigurationList = 042CD250225B2ED2009E0F98 /* Build configuration list for PBXNativeTarget "Emperapool" */;
			buildPhases = (
				8D7E360036B4BF654908F2ED /* [CP] Check Pods Manifest.lock */,
				042CD221225B2ED0009E0F98 /* Sources */,
				042CD222225B2ED0009E0F98 /* Frameworks */,
				042CD223225B2ED0009E0F98 /* Resources */,
				9ADE0F98800D9CF6CEDFE767 /* [CP] Embed Pods Frameworks */,
			);
			buildRules = (
			);
			dependencies = (
			);
			name = Emperapool;
			productName = Emperapool;
			productReference = 042CD225225B2ED0009E0F98 /* Emperapool.app */;
			productType = "com.apple.product-type.application";
		};
		042CD23B225B2ED2009E0F98 /* EmperapoolTests */ = {
			isa = PBXNativeTarget;
			buildConfigurationList = 042CD253225B2ED2009E0F98 /* Build configuration list for PBXNativeTarget "EmperapoolTests" */;
			buildPhases = (
				EF9F487172452200C369F7F3 /* [CP] Check Pods Manifest.lock */,
				042CD238225B2ED2009E0F98 /* Sources */,
				042CD239225B2ED2009E0F98 /* Frameworks */,
				042CD23A225B2ED2009E0F98 /* Resources */,
			);
			buildRules = (
			);
			dependencies = (
				042CD23E225B2ED2009E0F98 /* PBXTargetDependency */,
			);
			name = EmperapoolTests;
			productName = EmperapoolTests;
			productReference = 042CD23C225B2ED2009E0F98 /* EmperapoolTests.xctest */;
			productType = "com.apple.product-type.bundle.unit-test";
		};
		042CD246225B2ED2009E0F98 /* EmperapoolUITests */ = {
			isa = PBXNativeTarget;
			buildConfigurationList = 042CD256225B2ED2009E0F98 /* Build configuration list for PBXNativeTarget "EmperapoolUITests" */;
			buildPhases = (
				B9BA60FAF1CEFEFE19EBF4FF /* [CP] Check Pods Manifest.lock */,
				042CD243225B2ED2009E0F98 /* Sources */,
				042CD244225B2ED2009E0F98 /* Frameworks */,
				042CD245225B2ED2009E0F98 /* Resources */,
			);
			buildRules = (
			);
			dependencies = (
				042CD249225B2ED2009E0F98 /* PBXTargetDependency */,
			);
			name = EmperapoolUITests;
			productName = EmperapoolUITests;
			productReference = 042CD247225B2ED2009E0F98 /* EmperapoolUITests.xctest */;
			productType = "com.apple.product-type.bundle.ui-testing";
		};
/* End PBXNativeTarget section */

/* Begin PBXProject section */
		042CD21D225B2ED0009E0F98 /* Project object */ = {
			isa = PBXProject;
			attributes = {
				LastSwiftUpdateCheck = 1020;
				LastUpgradeCheck = 1020;
				ORGANIZATIONNAME = Mili;
				TargetAttributes = {
					042CD224225B2ED0009E0F98 = {
						CreatedOnToolsVersion = 10.2;
					};
					042CD23B225B2ED2009E0F98 = {
						CreatedOnToolsVersion = 10.2;
						TestTargetID = 042CD224225B2ED0009E0F98;
					};
					042CD246225B2ED2009E0F98 = {
						CreatedOnToolsVersion = 10.2;
						TestTargetID = 042CD224225B2ED0009E0F98;
					};
				};
			};
			buildConfigurationList = 042CD220225B2ED0009E0F98 /* Build configuration list for PBXProject "Emperapool" */;
			compatibilityVersion = "Xcode 9.3";
			developmentRegion = en;
			hasScannedForEncodings = 0;
			knownRegions = (
				en,
				Base,
			);
			mainGroup = 042CD21C225B2ED0009E0F98;
			productRefGroup = 042CD226225B2ED0009E0F98 /* Products */;
			projectDirPath = "";
			projectRoot = "";
			targets = (
				042CD224225B2ED0009E0F98 /* Emperapool */,
				042CD23B225B2ED2009E0F98 /* EmperapoolTests */,
				042CD246225B2ED2009E0F98 /* EmperapoolUITests */,
			);
		};
/* End PBXProject section */

/* Begin PBXResourcesBuildPhase section */
		042CD223225B2ED0009E0F98 /* Resources */ = {
			isa = PBXResourcesBuildPhase;
			buildActionMask = 2147483647;
			files = (
				04C81BDA225C772100069A19 /* iran_sans_medium.ttf in Resources */,
				042CD236225B2ED1009E0F98 /* LaunchScreen.storyboard in Resources */,
				04C81BD8225C772100069A19 /* iran_sans.ttf in Resources */,
				04C81BDF225C7CB500069A19 /* SHABNAM-FD.ttf in Resources */,
				04C81BDB225C772100069A19 /* B Yekan+.ttf in Resources */,
				04C81BD5225C772100069A19 /* IRANSans(FaNum)_Bold.ttf in Resources */,
				04C81BD6225C772100069A19 /* BYekan.ttf in Resources */,
				04C81BE1225C7CB500069A19 /* SHABNAM-BOLD-FD.ttf in Resources */,
				04C81BD7225C772100069A19 /* IRANSans(FaNum)_Light.ttf in Resources */,
				04C81BE0225C7CB500069A19 /* SHABNAM-LIGHT-FD.ttf in Resources */,
				042CD233225B2ED1009E0F98 /* Assets.xcassets in Resources */,
				04C81BD3225C772100069A19 /* BYekan 1.ttf in Resources */,
				042CD22E225B2ED0009E0F98 /* Main.storyboard in Resources */,
				04C81BD9225C772100069A19 /* B Yekan+ Bold.ttf in Resources */,
				04C81BD4225C772100069A19 /* IRANSans(FaNum).ttf in Resources */,
			);
			runOnlyForDeploymentPostprocessing = 0;
		};
		042CD23A225B2ED2009E0F98 /* Resources */ = {
			isa = PBXResourcesBuildPhase;
			buildActionMask = 2147483647;
			files = (
			);
			runOnlyForDeploymentPostprocessing = 0;
		};
		042CD245225B2ED2009E0F98 /* Resources */ = {
			isa = PBXResourcesBuildPhase;
			buildActionMask = 2147483647;
			files = (
			);
			runOnlyForDeploymentPostprocessing = 0;
		};
/* End PBXResourcesBuildPhase section */

/* Begin PBXShellScriptBuildPhase section */
		8D7E360036B4BF654908F2ED /* [CP] Check Pods Manifest.lock */ = {
			isa = PBXShellScriptBuildPhase;
			buildActionMask = 2147483647;
			files = (
			);
			inputFileListPaths = (
			);
			inputPaths = (
				"${PODS_PODFILE_DIR_PATH}/Podfile.lock",
				"${PODS_ROOT}/Manifest.lock",
			);
			name = "[CP] Check Pods Manifest.lock";
			outputFileListPaths = (
			);
			outputPaths = (
				"$(DERIVED_FILE_DIR)/Pods-Emperapool-checkManifestLockResult.txt",
			);
			runOnlyForDeploymentPostprocessing = 0;
			shellPath = /bin/sh;
			shellScript = "diff \"${PODS_PODFILE_DIR_PATH}/Podfile.lock\" \"${PODS_ROOT}/Manifest.lock\" > /dev/null\nif [ $? != 0 ] ; then\n    # print error to STDERR\n    echo \"error: The sandbox is not in sync with the Podfile.lock. Run 'pod install' or update your CocoaPods installation.\" >&2\n    exit 1\nfi\n# This output is used by Xcode 'outputs' to avoid re-running this script phase.\necho \"SUCCESS\" > \"${SCRIPT_OUTPUT_FILE_0}\"\n";
			showEnvVarsInLog = 0;
		};
		9ADE0F98800D9CF6CEDFE767 /* [CP] Embed Pods Frameworks */ = {
			isa = PBXShellScriptBuildPhase;
			buildActionMask = 2147483647;
			files = (
			);
			inputFileListPaths = (
			);
			inputPaths = (
				"${PODS_ROOT}/Target Support Files/Pods-Emperapool/Pods-Emperapool-frameworks.sh",
				"${BUILT_PRODUCTS_DIR}/Alamofire/Alamofire.framework",
				"${BUILT_PRODUCTS_DIR}/AlamofireNetworkActivityLogger/AlamofireNetworkActivityLogger.framework",
				"${BUILT_PRODUCTS_DIR}/CodableAlamofire/CodableAlamofire.framework",
				"${BUILT_PRODUCTS_DIR}/DCKit/DCKit.framework",
				"${BUILT_PRODUCTS_DIR}/IQKeyboardManagerSwift/IQKeyboardManagerSwift.framework",
				"${BUILT_PRODUCTS_DIR}/Kingfisher/Kingfisher.framework",
				"${BUILT_PRODUCTS_DIR}/ObjectMapper/ObjectMapper.framework",
				"${BUILT_PRODUCTS_DIR}/Toast-Swift/Toast_Swift.framework",
				"${BUILT_PRODUCTS_DIR}/UIColor_Hex_Swift/UIColor_Hex_Swift.framework",
			);
			name = "[CP] Embed Pods Frameworks";
			outputFileListPaths = (
			);
			outputPaths = (
				"${TARGET_BUILD_DIR}/${FRAMEWORKS_FOLDER_PATH}/Alamofire.framework",
				"${TARGET_BUILD_DIR}/${FRAMEWORKS_FOLDER_PATH}/AlamofireNetworkActivityLogger.framework",
				"${TARGET_BUILD_DIR}/${FRAMEWORKS_FOLDER_PATH}/CodableAlamofire.framework",
				"${TARGET_BUILD_DIR}/${FRAMEWORKS_FOLDER_PATH}/DCKit.framework",
				"${TARGET_BUILD_DIR}/${FRAMEWORKS_FOLDER_PATH}/IQKeyboardManagerSwift.framework",
				"${TARGET_BUILD_DIR}/${FRAMEWORKS_FOLDER_PATH}/Kingfisher.framework",
				"${TARGET_BUILD_DIR}/${FRAMEWORKS_FOLDER_PATH}/ObjectMapper.framework",
				"${TARGET_BUILD_DIR}/${FRAMEWORKS_FOLDER_PATH}/Toast_Swift.framework",
				"${TARGET_BUILD_DIR}/${FRAMEWORKS_FOLDER_PATH}/UIColor_Hex_Swift.framework",
			);
			runOnlyForDeploymentPostprocessing = 0;
			shellPath = /bin/sh;
			shellScript = "\"${PODS_ROOT}/Target Support Files/Pods-Emperapool/Pods-Emperapool-frameworks.sh\"\n";
			showEnvVarsInLog = 0;
		};
		B9BA60FAF1CEFEFE19EBF4FF /* [CP] Check Pods Manifest.lock */ = {
			isa = PBXShellScriptBuildPhase;
			buildActionMask = 2147483647;
			files = (
			);
			inputFileListPaths = (
			);
			inputPaths = (
				"${PODS_PODFILE_DIR_PATH}/Podfile.lock",
				"${PODS_ROOT}/Manifest.lock",
			);
			name = "[CP] Check Pods Manifest.lock";
			outputFileListPaths = (
			);
			outputPaths = (
				"$(DERIVED_FILE_DIR)/Pods-EmperapoolUITests-checkManifestLockResult.txt",
			);
			runOnlyForDeploymentPostprocessing = 0;
			shellPath = /bin/sh;
			shellScript = "diff \"${PODS_PODFILE_DIR_PATH}/Podfile.lock\" \"${PODS_ROOT}/Manifest.lock\" > /dev/null\nif [ $? != 0 ] ; then\n    # print error to STDERR\n    echo \"error: The sandbox is not in sync with the Podfile.lock. Run 'pod install' or update your CocoaPods installation.\" >&2\n    exit 1\nfi\n# This output is used by Xcode 'outputs' to avoid re-running this script phase.\necho \"SUCCESS\" > \"${SCRIPT_OUTPUT_FILE_0}\"\n";
			showEnvVarsInLog = 0;
		};
		EF9F487172452200C369F7F3 /* [CP] Check Pods Manifest.lock */ = {
			isa = PBXShellScriptBuildPhase;
			buildActionMask = 2147483647;
			files = (
			);
			inputFileListPaths = (
			);
			inputPaths = (
				"${PODS_PODFILE_DIR_PATH}/Podfile.lock",
				"${PODS_ROOT}/Manifest.lock",
			);
			name = "[CP] Check Pods Manifest.lock";
			outputFileListPaths = (
			);
			outputPaths = (
				"$(DERIVED_FILE_DIR)/Pods-EmperapoolTests-checkManifestLockResult.txt",
			);
			runOnlyForDeploymentPostprocessing = 0;
			shellPath = /bin/sh;
			shellScript = "diff \"${PODS_PODFILE_DIR_PATH}/Podfile.lock\" \"${PODS_ROOT}/Manifest.lock\" > /dev/null\nif [ $? != 0 ] ; then\n    # print error to STDERR\n    echo \"error: The sandbox is not in sync with the Podfile.lock. Run 'pod install' or update your CocoaPods installation.\" >&2\n    exit 1\nfi\n# This output is used by Xcode 'outputs' to avoid re-running this script phase.\necho \"SUCCESS\" > \"${SCRIPT_OUTPUT_FILE_0}\"\n";
			showEnvVarsInLog = 0;
		};
/* End PBXShellScriptBuildPhase section */

/* Begin PBXSourcesBuildPhase section */
		042CD221225B2ED0009E0F98 /* Sources */ = {
			isa = PBXSourcesBuildPhase;
			buildActionMask = 2147483647;
			files = (
				04C81BF3225CDE9300069A19 /* TokenRes.swift in Sources */,
				04C81BF5225CDE9300069A19 /* ProfileRes.swift in Sources */,
				04C81BE7225CB41700069A19 /* ActivationCodeViewController.swift in Sources */,
				04C81BF4225CDE9300069A19 /* GenericResponse.swift in Sources */,
				04C81BE4225C94D100069A19 /* Extentions.swift in Sources */,
				04C81BEA225CD62000069A19 /* MR.swift in Sources */,
				04C81BEF225CD8B600069A19 /* EndPoints.swift in Sources */,
				04C81BF8225CE51000069A19 /* Reachability.swift in Sources */,
				042CD22B225B2ED0009E0F98 /* LoginViewController.swift in Sources */,
				04C81BFA225CE6C800069A19 /* App.swift in Sources */,
				042CD229225B2ED0009E0F98 /* AppDelegate.swift in Sources */,
				04C81BFC225CE72500069A19 /* DefaultStrings.swift in Sources */,
				042CD231225B2ED0009E0F98 /* Emperapool.xcdatamodeld in Sources */,
			);
			runOnlyForDeploymentPostprocessing = 0;
		};
		042CD238225B2ED2009E0F98 /* Sources */ = {
			isa = PBXSourcesBuildPhase;
			buildActionMask = 2147483647;
			files = (
				042CD241225B2ED2009E0F98 /* EmperapoolTests.swift in Sources */,
			);
			runOnlyForDeploymentPostprocessing = 0;
		};
		042CD243225B2ED2009E0F98 /* Sources */ = {
			isa = PBXSourcesBuildPhase;
			buildActionMask = 2147483647;
			files = (
				042CD24C225B2ED2009E0F98 /* EmperapoolUITests.swift in Sources */,
			);
			runOnlyForDeploymentPostprocessing = 0;
		};
/* End PBXSourcesBuildPhase section */

/* Begin PBXTargetDependency section */
		042CD23E225B2ED2009E0F98 /* PBXTargetDependency */ = {
			isa = PBXTargetDependency;
			target = 042CD224225B2ED0009E0F98 /* Emperapool */;
			targetProxy = 042CD23D225B2ED2009E0F98 /* PBXContainerItemProxy */;
		};
		042CD249225B2ED2009E0F98 /* PBXTargetDependency */ = {
			isa = PBXTargetDependency;
			target = 042CD224225B2ED0009E0F98 /* Emperapool */;
			targetProxy = 042CD248225B2ED2009E0F98 /* PBXContainerItemProxy */;
		};
/* End PBXTargetDependency section */

/* Begin PBXVariantGroup section */
		042CD22C225B2ED0009E0F98 /* Main.storyboard */ = {
			isa = PBXVariantGroup;
			children = (
				042CD22D225B2ED0009E0F98 /* Base */,
			);
			name = Main.storyboard;
			sourceTree = "<group>";
		};
		042CD234225B2ED1009E0F98 /* LaunchScreen.storyboard */ = {
			isa = PBXVariantGroup;
			children = (
				042CD235225B2ED1009E0F98 /* Base */,
			);
			name = LaunchScreen.storyboard;
			sourceTree = "<group>";
		};
/* End PBXVariantGroup section */

/* Begin XCBuildConfiguration section */
		042CD24E225B2ED2009E0F98 /* Debug */ = {
			isa = XCBuildConfiguration;
			buildSettings = {
				ALWAYS_SEARCH_USER_PATHS = NO;
				CLANG_ANALYZER_NONNULL = YES;
				CLANG_ANALYZER_NUMBER_OBJECT_CONVERSION = YES_AGGRESSIVE;
				CLANG_CXX_LANGUAGE_STANDARD = "gnu++14";
				CLANG_CXX_LIBRARY = "libc++";
				CLANG_ENABLE_MODULES = YES;
				CLANG_ENABLE_OBJC_ARC = YES;
				CLANG_ENABLE_OBJC_WEAK = YES;
				CLANG_WARN_BLOCK_CAPTURE_AUTORELEASING = YES;
				CLANG_WARN_BOOL_CONVERSION = YES;
				CLANG_WARN_COMMA = YES;
				CLANG_WARN_CONSTANT_CONVERSION = YES;
				CLANG_WARN_DEPRECATED_OBJC_IMPLEMENTATIONS = YES;
				CLANG_WARN_DIRECT_OBJC_ISA_USAGE = YES_ERROR;
				CLANG_WARN_DOCUMENTATION_COMMENTS = YES;
				CLANG_WARN_EMPTY_BODY = YES;
				CLANG_WARN_ENUM_CONVERSION = YES;
				CLANG_WARN_INFINITE_RECURSION = YES;
				CLANG_WARN_INT_CONVERSION = YES;
				CLANG_WARN_NON_LITERAL_NULL_CONVERSION = YES;
				CLANG_WARN_OBJC_IMPLICIT_RETAIN_SELF = YES;
				CLANG_WARN_OBJC_LITERAL_CONVERSION = YES;
				CLANG_WARN_OBJC_ROOT_CLASS = YES_ERROR;
				CLANG_WARN_RANGE_LOOP_ANALYSIS = YES;
				CLANG_WARN_STRICT_PROTOTYPES = YES;
				CLANG_WARN_SUSPICIOUS_MOVE = YES;
				CLANG_WARN_UNGUARDED_AVAILABILITY = YES_AGGRESSIVE;
				CLANG_WARN_UNREACHABLE_CODE = YES;
				CLANG_WARN__DUPLICATE_METHOD_MATCH = YES;
				CODE_SIGN_IDENTITY = "iPhone Developer";
				COPY_PHASE_STRIP = NO;
				DEBUG_INFORMATION_FORMAT = dwarf;
				ENABLE_STRICT_OBJC_MSGSEND = YES;
				ENABLE_TESTABILITY = YES;
				GCC_C_LANGUAGE_STANDARD = gnu11;
				GCC_DYNAMIC_NO_PIC = NO;
				GCC_NO_COMMON_BLOCKS = YES;
				GCC_OPTIMIZATION_LEVEL = 0;
				GCC_PREPROCESSOR_DEFINITIONS = (
					"DEBUG=1",
					"$(inherited)",
				);
				GCC_WARN_64_TO_32_BIT_CONVERSION = YES;
				GCC_WARN_ABOUT_RETURN_TYPE = YES_ERROR;
				GCC_WARN_UNDECLARED_SELECTOR = YES;
				GCC_WARN_UNINITIALIZED_AUTOS = YES_AGGRESSIVE;
				GCC_WARN_UNUSED_FUNCTION = YES;
				GCC_WARN_UNUSED_VARIABLE = YES;
				IPHONEOS_DEPLOYMENT_TARGET = 12.2;
				MTL_ENABLE_DEBUG_INFO = INCLUDE_SOURCE;
				MTL_FAST_MATH = YES;
				ONLY_ACTIVE_ARCH = YES;
				SDKROOT = iphoneos;
				SWIFT_ACTIVE_COMPILATION_CONDITIONS = DEBUG;
				SWIFT_OPTIMIZATION_LEVEL = "-Onone";
			};
			name = Debug;
		};
		042CD24F225B2ED2009E0F98 /* Release */ = {
			isa = XCBuildConfiguration;
			buildSettings = {
				ALWAYS_SEARCH_USER_PATHS = NO;
				CLANG_ANALYZER_NONNULL = YES;
				CLANG_ANALYZER_NUMBER_OBJECT_CONVERSION = YES_AGGRESSIVE;
				CLANG_CXX_LANGUAGE_STANDARD = "gnu++14";
				CLANG_CXX_LIBRARY = "libc++";
				CLANG_ENABLE_MODULES = YES;
				CLANG_ENABLE_OBJC_ARC = YES;
				CLANG_ENABLE_OBJC_WEAK = YES;
				CLANG_WARN_BLOCK_CAPTURE_AUTORELEASING = YES;
				CLANG_WARN_BOOL_CONVERSION = YES;
				CLANG_WARN_COMMA = YES;
				CLANG_WARN_CONSTANT_CONVERSION = YES;
				CLANG_WARN_DEPRECATED_OBJC_IMPLEMENTATIONS = YES;
				CLANG_WARN_DIRECT_OBJC_ISA_USAGE = YES_ERROR;
				CLANG_WARN_DOCUMENTATION_COMMENTS = YES;
				CLANG_WARN_EMPTY_BODY = YES;
				CLANG_WARN_ENUM_CONVERSION = YES;
				CLANG_WARN_INFINITE_RECURSION = YES;
				CLANG_WARN_INT_CONVERSION = YES;
				CLANG_WARN_NON_LITERAL_NULL_CONVERSION = YES;
				CLANG_WARN_OBJC_IMPLICIT_RETAIN_SELF = YES;
				CLANG_WARN_OBJC_LITERAL_CONVERSION = YES;
				CLANG_WARN_OBJC_ROOT_CLASS = YES_ERROR;
				CLANG_WARN_RANGE_LOOP_ANALYSIS = YES;
				CLANG_WARN_STRICT_PROTOTYPES = YES;
				CLANG_WARN_SUSPICIOUS_MOVE = YES;
				CLANG_WARN_UNGUARDED_AVAILABILITY = YES_AGGRESSIVE;
				CLANG_WARN_UNREACHABLE_CODE = YES;
				CLANG_WARN__DUPLICATE_METHOD_MATCH = YES;
				CODE_SIGN_IDENTITY = "iPhone Developer";
				COPY_PHASE_STRIP = NO;
				DEBUG_INFORMATION_FORMAT = "dwarf-with-dsym";
				ENABLE_NS_ASSERTIONS = NO;
				ENABLE_STRICT_OBJC_MSGSEND = YES;
				GCC_C_LANGUAGE_STANDARD = gnu11;
				GCC_NO_COMMON_BLOCKS = YES;
				GCC_WARN_64_TO_32_BIT_CONVERSION = YES;
				GCC_WARN_ABOUT_RETURN_TYPE = YES_ERROR;
				GCC_WARN_UNDECLARED_SELECTOR = YES;
				GCC_WARN_UNINITIALIZED_AUTOS = YES_AGGRESSIVE;
				GCC_WARN_UNUSED_FUNCTION = YES;
				GCC_WARN_UNUSED_VARIABLE = YES;
				IPHONEOS_DEPLOYMENT_TARGET = 12.2;
				MTL_ENABLE_DEBUG_INFO = NO;
				MTL_FAST_MATH = YES;
				SDKROOT = iphoneos;
				SWIFT_COMPILATION_MODE = wholemodule;
				SWIFT_OPTIMIZATION_LEVEL = "-O";
				VALIDATE_PRODUCT = YES;
			};
			name = Release;
		};
		042CD251225B2ED2009E0F98 /* Debug */ = {
			isa = XCBuildConfiguration;
			baseConfigurationReference = 3EB06B61ACF6B28B93FF08F2 /* Pods-Emperapool.debug.xcconfig */;
			buildSettings = {
				ASSETCATALOG_COMPILER_APPICON_NAME = AppIcon;
				CODE_SIGN_STYLE = Automatic;
				DEVELOPMENT_TEAM = 4B9M52YRT5;
				INFOPLIST_FILE = Emperapool/Info.plist;
				IPHONEOS_DEPLOYMENT_TARGET = 10;
				LD_RUNPATH_SEARCH_PATHS = (
					"$(inherited)",
					"@executable_path/Frameworks",
				);
				PRODUCT_BUNDLE_IDENTIFIER = com.Adad.Emperapool;
				PRODUCT_NAME = "$(TARGET_NAME)";
				SWIFT_VERSION = 5.0;
				TARGETED_DEVICE_FAMILY = "1,2";
			};
			name = Debug;
		};
		042CD252225B2ED2009E0F98 /* Release */ = {
			isa = XCBuildConfiguration;
			baseConfigurationReference = 72A228B95724E72D7EBB95E2 /* Pods-Emperapool.release.xcconfig */;
			buildSettings = {
				ASSETCATALOG_COMPILER_APPICON_NAME = AppIcon;
				CODE_SIGN_STYLE = Automatic;
				DEVELOPMENT_TEAM = 4B9M52YRT5;
				INFOPLIST_FILE = Emperapool/Info.plist;
				IPHONEOS_DEPLOYMENT_TARGET = 10;
				LD_RUNPATH_SEARCH_PATHS = (
					"$(inherited)",
					"@executable_path/Frameworks",
				);
				PRODUCT_BUNDLE_IDENTIFIER = com.Adad.Emperapool;
				PRODUCT_NAME = "$(TARGET_NAME)";
				SWIFT_VERSION = 5.0;
				TARGETED_DEVICE_FAMILY = "1,2";
			};
			name = Release;
		};
		042CD254225B2ED2009E0F98 /* Debug */ = {
			isa = XCBuildConfiguration;
			baseConfigurationReference = 0623A2A77FD653A6D5CAEE6A /* Pods-EmperapoolTests.debug.xcconfig */;
			buildSettings = {
				ALWAYS_EMBED_SWIFT_STANDARD_LIBRARIES = YES;
				BUNDLE_LOADER = "$(TEST_HOST)";
				CODE_SIGN_STYLE = Automatic;
				DEVELOPMENT_TEAM = JK772YMH8E;
				INFOPLIST_FILE = EmperapoolTests/Info.plist;
				LD_RUNPATH_SEARCH_PATHS = (
					"$(inherited)",
					"@executable_path/Frameworks",
					"@loader_path/Frameworks",
				);
				PRODUCT_BUNDLE_IDENTIFIER = com.adad.EmperapoolTests;
				PRODUCT_NAME = "$(TARGET_NAME)";
				SWIFT_VERSION = 5.0;
				TARGETED_DEVICE_FAMILY = "1,2";
				TEST_HOST = "$(BUILT_PRODUCTS_DIR)/Emperapool.app/Emperapool";
			};
			name = Debug;
		};
		042CD255225B2ED2009E0F98 /* Release */ = {
			isa = XCBuildConfiguration;
			baseConfigurationReference = 33F1B6AE168DECD3974E7A5C /* Pods-EmperapoolTests.release.xcconfig */;
			buildSettings = {
				ALWAYS_EMBED_SWIFT_STANDARD_LIBRARIES = YES;
				BUNDLE_LOADER = "$(TEST_HOST)";
				CODE_SIGN_STYLE = Automatic;
				DEVELOPMENT_TEAM = JK772YMH8E;
				INFOPLIST_FILE = EmperapoolTests/Info.plist;
				LD_RUNPATH_SEARCH_PATHS = (
					"$(inherited)",
					"@executable_path/Frameworks",
					"@loader_path/Frameworks",
				);
				PRODUCT_BUNDLE_IDENTIFIER = com.adad.EmperapoolTests;
				PRODUCT_NAME = "$(TARGET_NAME)";
				SWIFT_VERSION = 5.0;
				TARGETED_DEVICE_FAMILY = "1,2";
				TEST_HOST = "$(BUILT_PRODUCTS_DIR)/Emperapool.app/Emperapool";
			};
			name = Release;
		};
		042CD257225B2ED2009E0F98 /* Debug */ = {
			isa = XCBuildConfiguration;
			baseConfigurationReference = 1901B6AA9C87552A4A2B5AD1 /* Pods-EmperapoolUITests.debug.xcconfig */;
			buildSettings = {
				ALWAYS_EMBED_SWIFT_STANDARD_LIBRARIES = YES;
				CODE_SIGN_STYLE = Automatic;
				DEVELOPMENT_TEAM = JK772YMH8E;
				INFOPLIST_FILE = EmperapoolUITests/Info.plist;
				LD_RUNPATH_SEARCH_PATHS = (
					"$(inherited)",
					"@executable_path/Frameworks",
					"@loader_path/Frameworks",
				);
				PRODUCT_BUNDLE_IDENTIFIER = com.adad.EmperapoolUITests;
				PRODUCT_NAME = "$(TARGET_NAME)";
				SWIFT_VERSION = 5.0;
				TARGETED_DEVICE_FAMILY = "1,2";
				TEST_TARGET_NAME = Emperapool;
			};
			name = Debug;
		};
		042CD258225B2ED2009E0F98 /* Release */ = {
			isa = XCBuildConfiguration;
			baseConfigurationReference = 0518EFBE499426D2DAE947C3 /* Pods-EmperapoolUITests.release.xcconfig */;
			buildSettings = {
				ALWAYS_EMBED_SWIFT_STANDARD_LIBRARIES = YES;
				CODE_SIGN_STYLE = Automatic;
				DEVELOPMENT_TEAM = JK772YMH8E;
				INFOPLIST_FILE = EmperapoolUITests/Info.plist;
				LD_RUNPATH_SEARCH_PATHS = (
					"$(inherited)",
					"@executable_path/Frameworks",
					"@loader_path/Frameworks",
				);
				PRODUCT_BUNDLE_IDENTIFIER = com.adad.EmperapoolUITests;
				PRODUCT_NAME = "$(TARGET_NAME)";
				SWIFT_VERSION = 5.0;
				TARGETED_DEVICE_FAMILY = "1,2";
				TEST_TARGET_NAME = Emperapool;
			};
			name = Release;
		};
/* End XCBuildConfiguration section */

/* Begin XCConfigurationList section */
		042CD220225B2ED0009E0F98 /* Build configuration list for PBXProject "Emperapool" */ = {
			isa = XCConfigurationList;
			buildConfigurations = (
				042CD24E225B2ED2009E0F98 /* Debug */,
				042CD24F225B2ED2009E0F98 /* Release */,
			);
			defaultConfigurationIsVisible = 0;
			defaultConfigurationName = Release;
		};
		042CD250225B2ED2009E0F98 /* Build configuration list for PBXNativeTarget "Emperapool" */ = {
			isa = XCConfigurationList;
			buildConfigurations = (
				042CD251225B2ED2009E0F98 /* Debug */,
				042CD252225B2ED2009E0F98 /* Release */,
			);
			defaultConfigurationIsVisible = 0;
			defaultConfigurationName = Release;
		};
		042CD253225B2ED2009E0F98 /* Build configuration list for PBXNativeTarget "EmperapoolTests" */ = {
			isa = XCConfigurationList;
			buildConfigurations = (
				042CD254225B2ED2009E0F98 /* Debug */,
				042CD255225B2ED2009E0F98 /* Release */,
			);
			defaultConfigurationIsVisible = 0;
			defaultConfigurationName = Release;
		};
		042CD256225B2ED2009E0F98 /* Build configuration list for PBXNativeTarget "EmperapoolUITests" */ = {
			isa = XCConfigurationList;
			buildConfigurations = (
				042CD257225B2ED2009E0F98 /* Debug */,
				042CD258225B2ED2009E0F98 /* Release */,
			);
			defaultConfigurationIsVisible = 0;
			defaultConfigurationName = Release;
		};
/* End XCConfigurationList section */

/* Begin XCVersionGroup section */
		042CD22F225B2ED0009E0F98 /* Emperapool.xcdatamodeld */ = {
			isa = XCVersionGroup;
			children = (
				042CD230225B2ED0009E0F98 /* Emperapool.xcdatamodel */,
			);
			currentVersion = 042CD230225B2ED0009E0F98 /* Emperapool.xcdatamodel */;
			path = Emperapool.xcdatamodeld;
			sourceTree = "<group>";
			versionGroupType = wrapper.xcdatamodel;
		};
/* End XCVersionGroup section */
	};
	rootObject = 042CD21D225B2ED0009E0F98 /* Project object */;
}
